
Microsoft Visual Studio Solution File, Format Version 12.00
# Visual Studio Version 17
VisualStudioVersion = 17.9.34728.123
MinimumVisualStudioVersion = 10.0.40219.1
Project("{FAE04EC0-301F-11D3-BF4B-00C04F79EFBC}") = "ScheduleDemo_1735", "ScheduleDemo_1735\ScheduleDemo_1735.csproj", "{5C5AE545-8694-411B-BFE0-CC9D42378D36}"
EndProject
Global
	GlobalSection(SolutionConfigurationPlatforms) = preSolution
		Debug|Any CPU = Debug|Any CPU
		Release|Any CPU = Release|Any CPU
	EndGlobalSection
	GlobalSection(ProjectConfigurationPlatforms) = postSolution
		{5C5AE545-8694-411B-BFE0-CC9D42378D36}.Debug|Any CPU.ActiveCfg = Debug|Any CPU
		{5C5AE545-8694-411B-BFE0-CC9D42378D36}.Debug|Any CPU.Build.0 = Debug|Any CPU
		{5C5AE545-8694-411B-BFE0-CC9D42378D36}.Release|Any CPU.ActiveCfg = Release|Any CPU
		{5C5AE545-8694-411B-BFE0-CC9D42378D36}.Release|Any CPU.Build.0 = Release|Any CPU
	EndGlobalSection
	GlobalSection(SolutionProperties) = preSolution
		HideSolutionNode = FALSE
	EndGlobalSection
	GlobalSection(ExtensibilityGlobals) = postSolution
		SolutionGuid = {0EA0BB20-7260-403C-8B09-38E2FBCF3809}
	EndGlobalSection
EndGlobal
